# @generated by Move, please check-in and do not edit manually.

[move]
version = 2
manifest_digest = "A2A182FF9807079EE56204AB2505C3BC1733FC54B5256EA82FF3940B921B95EB"
deps_digest = "F8BBB0CCB2491CA29A3DF03D6F92277A4F3574266507ACD77214D37ECA3F3082"
dependencies = [
  { name = "Sui" },
]

[[move.package]]
name = "MoveStdlib"
source = { git = "https://github.com/MystenLabs/sui.git", rev = "framework/testnet", subdir = "crates\\sui-framework\\packages\\move-stdlib" }

[[move.package]]
name = "Sui"
source = { git = "https://github.com/MystenLabs/sui.git", rev = "framework/testnet", subdir = "crates/sui-framework/packages/sui-framework" }

dependencies = [
  { name = "MoveStdlib" },
]

[move.toolchain-version]
compiler-version = "1.29.2"
edition = "2024.beta"
flavor = "sui"

[env]

[env.testnet]
chain-id = "4c78adac"
original-published-id = "0x2a4f894cfbd4148d87f076905e7662a70b905ca17cfafb41e3e5b86f330aa741"
latest-published-id = "0x2a4f894cfbd4148d87f076905e7662a70b905ca17cfafb41e3e5b86f330aa741"
published-version = "1"
